
Microsoft Visual Studio Solution File, Format Version 12.00
# Visual Studio Version 17
VisualStudioVersion = 17.0.31903.59
MinimumVisualStudioVersion = 10.0.40219.1
Project("{2150E333-8FDC-42A3-9474-1A3956D46DE8}") = "src", "src", "{827E0CD3-B72D-47B6-A68D-7590B98EB39B}"
EndProject
Project("{2150E333-8FDC-42A3-9474-1A3956D46DE8}") = "Domain", "Domain", "{8B290487-4C16-E85E-E807-F579CBE9FC4D}"
EndProject
Project("{FAE04EC0-301F-11D3-BF4B-00C04F79EFBC}") = "Dymatrix.Notifications.Domain", "src\Dymatrix.Notifications.Domain\Dymatrix.Notifications.Domain.csproj", "{2E824014-753A-43C9-9D02-1DCFF971A89C}"
EndProject
Project("{2150E333-8FDC-42A3-9474-1A3956D46DE8}") = "Application", "Application", "{22BAF98C-8415-17C4-B26A-D537657BC863}"
EndProject
Project("{FAE04EC0-301F-11D3-BF4B-00C04F79EFBC}") = "Dymatrix.Notifications.Application", "src\Dymatrix.Notifications.Application\Dymatrix.Notifications.Application.csproj", "{CA1AADA1-8E15-4034-AE99-5D8C6C3B4A5B}"
EndProject
Project("{2150E333-8FDC-42A3-9474-1A3956D46DE8}") = "Infrastructure", "Infrastructure", "{9048EB7F-3875-A59E-E36B-5BD4C6F2A282}"
EndProject
Project("{FAE04EC0-301F-11D3-BF4B-00C04F79EFBC}") = "Dymatrix.Notifications.Infrastructure", "src\Dymatrix.Notifications.Infrastructure\Dymatrix.Notifications.Infrastructure.csproj", "{9395E865-DA36-444F-A6B9-BB989FA53800}"
EndProject
Project("{2150E333-8FDC-42A3-9474-1A3956D46DE8}") = "Api", "Api", "{81034408-37C8-1011-444E-4C15C2FADA8E}"
EndProject
Project("{FAE04EC0-301F-11D3-BF4B-00C04F79EFBC}") = "Dymatrix.Notifications.Api", "src\Dymatrix.Notifications.Api\Dymatrix.Notifications.Api.csproj", "{379F1FAD-6E0E-40CB-B583-F92E9416E5CA}"
EndProject
Project("{2150E333-8FDC-42A3-9474-1A3956D46DE8}") = "tests", "tests", "{0AB3BF05-4346-4AA6-1389-037BE0695223}"
EndProject
Project("{2150E333-8FDC-42A3-9474-1A3956D46DE8}") = "UnitTests", "UnitTests", "{394A81D9-3C45-9818-BB26-23F2B85056FF}"
EndProject
Project("{FAE04EC0-301F-11D3-BF4B-00C04F79EFBC}") = "Dymatrix.Notifications.UnitTests", "tests\Dymatrix.Notifications.UnitTests\Dymatrix.Notifications.UnitTests.csproj", "{A35C22DF-E0B5-423C-A73C-E118028BAA78}"
EndProject
Project("{2150E333-8FDC-42A3-9474-1A3956D46DE8}") = "IntegrationTests", "IntegrationTests", "{30785934-E017-5D9F-2777-3D61460A5281}"
EndProject
Project("{FAE04EC0-301F-11D3-BF4B-00C04F79EFBC}") = "Dymatrix.Notifications.IntegrationTests", "tests\Dymatrix.Notifications.IntegrationTests\Dymatrix.Notifications.IntegrationTests.csproj", "{1C3D7B33-9F33-406E-9571-C20A34E76373}"
EndProject
Global
	GlobalSection(SolutionConfigurationPlatforms) = preSolution
		Debug|Any CPU = Debug|Any CPU
		Debug|x64 = Debug|x64
		Debug|x86 = Debug|x86
		Release|Any CPU = Release|Any CPU
		Release|x64 = Release|x64
		Release|x86 = Release|x86
	EndGlobalSection
	GlobalSection(ProjectConfigurationPlatforms) = postSolution
		{2E824014-753A-43C9-9D02-1DCFF971A89C}.Debug|Any CPU.ActiveCfg = Debug|Any CPU
		{2E824014-753A-43C9-9D02-1DCFF971A89C}.Debug|Any CPU.Build.0 = Debug|Any CPU
		{2E824014-753A-43C9-9D02-1DCFF971A89C}.Debug|x64.ActiveCfg = Debug|Any CPU
		{2E824014-753A-43C9-9D02-1DCFF971A89C}.Debug|x64.Build.0 = Debug|Any CPU
		{2E824014-753A-43C9-9D02-1DCFF971A89C}.Debug|x86.ActiveCfg = Debug|Any CPU
		{2E824014-753A-43C9-9D02-1DCFF971A89C}.Debug|x86.Build.0 = Debug|Any CPU
		{2E824014-753A-43C9-9D02-1DCFF971A89C}.Release|Any CPU.ActiveCfg = Release|Any CPU
		{2E824014-753A-43C9-9D02-1DCFF971A89C}.Release|Any CPU.Build.0 = Release|Any CPU
		{2E824014-753A-43C9-9D02-1DCFF971A89C}.Release|x64.ActiveCfg = Release|Any CPU
		{2E824014-753A-43C9-9D02-1DCFF971A89C}.Release|x64.Build.0 = Release|Any CPU
		{2E824014-753A-43C9-9D02-1DCFF971A89C}.Release|x86.ActiveCfg = Release|Any CPU
		{2E824014-753A-43C9-9D02-1DCFF971A89C}.Release|x86.Build.0 = Release|Any CPU
		{CA1AADA1-8E15-4034-AE99-5D8C6C3B4A5B}.Debug|Any CPU.ActiveCfg = Debug|Any CPU
		{CA1AADA1-8E15-4034-AE99-5D8C6C3B4A5B}.Debug|Any CPU.Build.0 = Debug|Any CPU
		{CA1AADA1-8E15-4034-AE99-5D8C6C3B4A5B}.Debug|x64.ActiveCfg = Debug|Any CPU
		{CA1AADA1-8E15-4034-AE99-5D8C6C3B4A5B}.Debug|x64.Build.0 = Debug|Any CPU
		{CA1AADA1-8E15-4034-AE99-5D8C6C3B4A5B}.Debug|x86.ActiveCfg = Debug|Any CPU
		{CA1AADA1-8E15-4034-AE99-5D8C6C3B4A5B}.Debug|x86.Build.0 = Debug|Any CPU
		{CA1AADA1-8E15-4034-AE99-5D8C6C3B4A5B}.Release|Any CPU.ActiveCfg = Release|Any CPU
		{CA1AADA1-8E15-4034-AE99-5D8C6C3B4A5B}.Release|Any CPU.Build.0 = Release|Any CPU
		{CA1AADA1-8E15-4034-AE99-5D8C6C3B4A5B}.Release|x64.ActiveCfg = Release|Any CPU
		{CA1AADA1-8E15-4034-AE99-5D8C6C3B4A5B}.Release|x64.Build.0 = Release|Any CPU
		{CA1AADA1-8E15-4034-AE99-5D8C6C3B4A5B}.Release|x86.ActiveCfg = Release|Any CPU
		{CA1AADA1-8E15-4034-AE99-5D8C6C3B4A5B}.Release|x86.Build.0 = Release|Any CPU
		{9395E865-DA36-444F-A6B9-BB989FA53800}.Debug|Any CPU.ActiveCfg = Debug|Any CPU
		{9395E865-DA36-444F-A6B9-BB989FA53800}.Debug|Any CPU.Build.0 = Debug|Any CPU
		{9395E865-DA36-444F-A6B9-BB989FA53800}.Debug|x64.ActiveCfg = Debug|Any CPU
		{9395E865-DA36-444F-A6B9-BB989FA53800}.Debug|x64.Build.0 = Debug|Any CPU
		{9395E865-DA36-444F-A6B9-BB989FA53800}.Debug|x86.ActiveCfg = Debug|Any CPU
		{9395E865-DA36-444F-A6B9-BB989FA53800}.Debug|x86.Build.0 = Debug|Any CPU
		{9395E865-DA36-444F-A6B9-BB989FA53800}.Release|Any CPU.ActiveCfg = Release|Any CPU
		{9395E865-DA36-444F-A6B9-BB989FA53800}.Release|Any CPU.Build.0 = Release|Any CPU
		{9395E865-DA36-444F-A6B9-BB989FA53800}.Release|x64.ActiveCfg = Release|Any CPU
		{9395E865-DA36-444F-A6B9-BB989FA53800}.Release|x64.Build.0 = Release|Any CPU
		{9395E865-DA36-444F-A6B9-BB989FA53800}.Release|x86.ActiveCfg = Release|Any CPU
		{9395E865-DA36-444F-A6B9-BB989FA53800}.Release|x86.Build.0 = Release|Any CPU
		{379F1FAD-6E0E-40CB-B583-F92E9416E5CA}.Debug|Any CPU.ActiveCfg = Debug|Any CPU
		{379F1FAD-6E0E-40CB-B583-F92E9416E5CA}.Debug|Any CPU.Build.0 = Debug|Any CPU
		{379F1FAD-6E0E-40CB-B583-F92E9416E5CA}.Debug|x64.ActiveCfg = Debug|Any CPU
		{379F1FAD-6E0E-40CB-B583-F92E9416E5CA}.Debug|x64.Build.0 = Debug|Any CPU
		{379F1FAD-6E0E-40CB-B583-F92E9416E5CA}.Debug|x86.ActiveCfg = Debug|Any CPU
		{379F1FAD-6E0E-40CB-B583-F92E9416E5CA}.Debug|x86.Build.0 = Debug|Any CPU
		{379F1FAD-6E0E-40CB-B583-F92E9416E5CA}.Release|Any CPU.ActiveCfg = Release|Any CPU
		{379F1FAD-6E0E-40CB-B583-F92E9416E5CA}.Release|Any CPU.Build.0 = Release|Any CPU
		{379F1FAD-6E0E-40CB-B583-F92E9416E5CA}.Release|x64.ActiveCfg = Release|Any CPU
		{379F1FAD-6E0E-40CB-B583-F92E9416E5CA}.Release|x64.Build.0 = Release|Any CPU
		{379F1FAD-6E0E-40CB-B583-F92E9416E5CA}.Release|x86.ActiveCfg = Release|Any CPU
		{379F1FAD-6E0E-40CB-B583-F92E9416E5CA}.Release|x86.Build.0 = Release|Any CPU
		{A35C22DF-E0B5-423C-A73C-E118028BAA78}.Debug|Any CPU.ActiveCfg = Debug|Any CPU
		{A35C22DF-E0B5-423C-A73C-E118028BAA78}.Debug|Any CPU.Build.0 = Debug|Any CPU
		{A35C22DF-E0B5-423C-A73C-E118028BAA78}.Debug|x64.ActiveCfg = Debug|Any CPU
		{A35C22DF-E0B5-423C-A73C-E118028BAA78}.Debug|x64.Build.0 = Debug|Any CPU
		{A35C22DF-E0B5-423C-A73C-E118028BAA78}.Debug|x86.ActiveCfg = Debug|Any CPU
		{A35C22DF-E0B5-423C-A73C-E118028BAA78}.Debug|x86.Build.0 = Debug|Any CPU
		{A35C22DF-E0B5-423C-A73C-E118028BAA78}.Release|Any CPU.ActiveCfg = Release|Any CPU
		{A35C22DF-E0B5-423C-A73C-E118028BAA78}.Release|Any CPU.Build.0 = Release|Any CPU
		{A35C22DF-E0B5-423C-A73C-E118028BAA78}.Release|x64.ActiveCfg = Release|Any CPU
		{A35C22DF-E0B5-423C-A73C-E118028BAA78}.Release|x64.Build.0 = Release|Any CPU
		{A35C22DF-E0B5-423C-A73C-E118028BAA78}.Release|x86.ActiveCfg = Release|Any CPU
		{A35C22DF-E0B5-423C-A73C-E118028BAA78}.Release|x86.Build.0 = Release|Any CPU
		{1C3D7B33-9F33-406E-9571-C20A34E76373}.Debug|Any CPU.ActiveCfg = Debug|Any CPU
		{1C3D7B33-9F33-406E-9571-C20A34E76373}.Debug|Any CPU.Build.0 = Debug|Any CPU
		{1C3D7B33-9F33-406E-9571-C20A34E76373}.Debug|x64.ActiveCfg = Debug|Any CPU
		{1C3D7B33-9F33-406E-9571-C20A34E76373}.Debug|x64.Build.0 = Debug|Any CPU
		{1C3D7B33-9F33-406E-9571-C20A34E76373}.Debug|x86.ActiveCfg = Debug|Any CPU
		{1C3D7B33-9F33-406E-9571-C20A34E76373}.Debug|x86.Build.0 = Debug|Any CPU
		{1C3D7B33-9F33-406E-9571-C20A34E76373}.Release|Any CPU.ActiveCfg = Release|Any CPU
		{1C3D7B33-9F33-406E-9571-C20A34E76373}.Release|Any CPU.Build.0 = Release|Any CPU
		{1C3D7B33-9F33-406E-9571-C20A34E76373}.Release|x64.ActiveCfg = Release|Any CPU
		{1C3D7B33-9F33-406E-9571-C20A34E76373}.Release|x64.Build.0 = Release|Any CPU
		{1C3D7B33-9F33-406E-9571-C20A34E76373}.Release|x86.ActiveCfg = Release|Any CPU
		{1C3D7B33-9F33-406E-9571-C20A34E76373}.Release|x86.Build.0 = Release|Any CPU
	EndGlobalSection
	GlobalSection(SolutionProperties) = preSolution
		HideSolutionNode = FALSE
	EndGlobalSection
	GlobalSection(NestedProjects) = preSolution
		{8B290487-4C16-E85E-E807-F579CBE9FC4D} = {827E0CD3-B72D-47B6-A68D-7590B98EB39B}
		{2E824014-753A-43C9-9D02-1DCFF971A89C} = {8B290487-4C16-E85E-E807-F579CBE9FC4D}
		{22BAF98C-8415-17C4-B26A-D537657BC863} = {827E0CD3-B72D-47B6-A68D-7590B98EB39B}
		{CA1AADA1-8E15-4034-AE99-5D8C6C3B4A5B} = {22BAF98C-8415-17C4-B26A-D537657BC863}
		{9048EB7F-3875-A59E-E36B-5BD4C6F2A282} = {827E0CD3-B72D-47B6-A68D-7590B98EB39B}
		{9395E865-DA36-444F-A6B9-BB989FA53800} = {9048EB7F-3875-A59E-E36B-5BD4C6F2A282}
		{81034408-37C8-1011-444E-4C15C2FADA8E} = {827E0CD3-B72D-47B6-A68D-7590B98EB39B}
		{379F1FAD-6E0E-40CB-B583-F92E9416E5CA} = {81034408-37C8-1011-444E-4C15C2FADA8E}
		{394A81D9-3C45-9818-BB26-23F2B85056FF} = {0AB3BF05-4346-4AA6-1389-037BE0695223}
		{A35C22DF-E0B5-423C-A73C-E118028BAA78} = {394A81D9-3C45-9818-BB26-23F2B85056FF}
		{30785934-E017-5D9F-2777-3D61460A5281} = {0AB3BF05-4346-4AA6-1389-037BE0695223}
		{1C3D7B33-9F33-406E-9571-C20A34E76373} = {30785934-E017-5D9F-2777-3D61460A5281}
	EndGlobalSection
EndGlobal
